{
  "scheme" : 2,
  "locks" : {
    "cq.fixture" : [
      {
        "version" : "0.1.0",
        "sigId" : "4128ef09d0c1506e44685fc1c2e70d687c3274e654efd7f121f9f5801ae552dd"
      },
      {
        "version" : "0.2.0",
        "sigId" : "3ebfcbe951d345f9ce7c010b2b0a09657e686a8df0fefea6879f9e448be0c906"
      }
    ]
  }
}